// !$*UTF8*$!
{
	archiveVersion = 1;
	classes = {
	};
	objectVersion = 52;
	objects = {

/* Begin PBXBuildFile section */
		2F293FAB261EBF620095224C /* ChatViewModel.swift in Sources */ = {isa = PBXBuildFile; fileRef = 2F293FAA261EBF620095224C /* ChatViewModel.swift */; };
		7C0749E4261A1A8400562C9E /* CornerShape.swift in Sources */ = {isa = PBXBuildFile; fileRef = 7C0749E3261A1A8400562C9E /* CornerShape.swift */; };
		7C0749EC261A1C5A00562C9E /* LoginContextView.swift in Sources */ = {isa = PBXBuildFile; fileRef = 7C0749EB261A1C5A00562C9E /* LoginContextView.swift */; };
		7C0749F4261A1CAD00562C9E /* LogInViewModel.swift in Sources */ = {isa = PBXBuildFile; fileRef = 7C0749F3261A1CAD00562C9E /* LogInViewModel.swift */; };
		7C0749F9261A1D5E00562C9E /* SignUpViewModel.swift in Sources */ = {isa = PBXBuildFile; fileRef = 7C0749F8261A1D5E00562C9E /* SignUpViewModel.swift */; };
		7C074A17261AB11600562C9E /* ActivityIndicator.swift in Sources */ = {isa = PBXBuildFile; fileRef = 7C074A16261AB11600562C9E /* ActivityIndicator.swift */; };
		7C5501962618C0F400130B9A /* CandyMessangerApp.swift in Sources */ = {isa = PBXBuildFile; fileRef = 7C5501952618C0F400130B9A /* CandyMessangerApp.swift */; };
		7C5501982618C0F400130B9A /* ContentView.swift in Sources */ = {isa = PBXBuildFile; fileRef = 7C5501972618C0F400130B9A /* ContentView.swift */; };
		7C55019A2618C0F600130B9A /* Assets.xcassets in Resources */ = {isa = PBXBuildFile; fileRef = 7C5501992618C0F600130B9A /* Assets.xcassets */; };
		7C55019D2618C0F600130B9A /* Preview Assets.xcassets in Resources */ = {isa = PBXBuildFile; fileRef = 7C55019C2618C0F600130B9A /* Preview Assets.xcassets */; };
		7C55019F2618C0F600130B9A /* Persistence.swift in Sources */ = {isa = PBXBuildFile; fileRef = 7C55019E2618C0F600130B9A /* Persistence.swift */; };
		7C5501A22618C0F600130B9A /* CandyMessanger.xcdatamodeld in Sources */ = {isa = PBXBuildFile; fileRef = 7C5501A02618C0F600130B9A /* CandyMessanger.xcdatamodeld */; };
		7C5501AD2618C0F600130B9A /* CandyMessangerTests.swift in Sources */ = {isa = PBXBuildFile; fileRef = 7C5501AC2618C0F600130B9A /* CandyMessangerTests.swift */; };
		7C5501B82618C0F600130B9A /* CandyMessangerUITests.swift in Sources */ = {isa = PBXBuildFile; fileRef = 7C5501B72618C0F600130B9A /* CandyMessangerUITests.swift */; };
		7C5501DA2618CCD700130B9A /* Nuke in Frameworks */ = {isa = PBXBuildFile; productRef = 7C5501D92618CCD700130B9A /* Nuke */; };
		7C5501E02618CD6600130B9A /* Alamofire in Frameworks */ = {isa = PBXBuildFile; productRef = 7C5501DF2618CD6600130B9A /* Alamofire */; };
		7C5501E52618CF5A00130B9A /* GoogleService-Info.plist in Resources */ = {isa = PBXBuildFile; fileRef = 7C5501E42618CF5A00130B9A /* GoogleService-Info.plist */; };
		7C5501F52618D90200130B9A /* LoginView.swift in Sources */ = {isa = PBXBuildFile; fileRef = 7C5501F42618D90200130B9A /* LoginView.swift */; };
		7C5501FF2618DAD800130B9A /* RegisterView.swift in Sources */ = {isa = PBXBuildFile; fileRef = 7C5501FE2618DAD800130B9A /* RegisterView.swift */; };
		7C5502042618DAF200130B9A /* MainView.swift in Sources */ = {isa = PBXBuildFile; fileRef = 7C5502032618DAF200130B9A /* MainView.swift */; };
		7C55020A2618ED3B00130B9A /* UserService.swift in Sources */ = {isa = PBXBuildFile; fileRef = 7C5502092618ED3B00130B9A /* UserService.swift */; };
		7C5502102618EF4600130B9A /* CandyMessengerError.swift in Sources */ = {isa = PBXBuildFile; fileRef = 7C55020F2618EF4600130B9A /* CandyMessengerError.swift */; };
		7C55021B26193C6500130B9A /* MessageList.swift in Sources */ = {isa = PBXBuildFile; fileRef = 7C55021A26193C6500130B9A /* MessageList.swift */; };
		7C55022026193CB900130B9A /* NewMessage.swift in Sources */ = {isa = PBXBuildFile; fileRef = 7C55021F26193CB900130B9A /* NewMessage.swift */; };
		7C55022826193CD800130B9A /* ChatView.swift in Sources */ = {isa = PBXBuildFile; fileRef = 7C55022726193CD800130B9A /* ChatView.swift */; };
		7C5502332619402E00130B9A /* SplashView.swift in Sources */ = {isa = PBXBuildFile; fileRef = 7C5502322619402E00130B9A /* SplashView.swift */; };
		7C7D1AC3261CA35800DCFF3B /* MainTabView.swift in Sources */ = {isa = PBXBuildFile; fileRef = 7C7D1AC2261CA35800DCFF3B /* MainTabView.swift */; };
		7C7D1AC8261CA46200DCFF3B /* PersonInfoView.swift in Sources */ = {isa = PBXBuildFile; fileRef = 7C7D1AC7261CA46200DCFF3B /* PersonInfoView.swift */; };
		7C7D1ACD261CA47500DCFF3B /* HomeView.swift in Sources */ = {isa = PBXBuildFile; fileRef = 7C7D1ACC261CA47500DCFF3B /* HomeView.swift */; };
		7C7D1AD2261CA48E00DCFF3B /* MyPageView.swift in Sources */ = {isa = PBXBuildFile; fileRef = 7C7D1AD1261CA48E00DCFF3B /* MyPageView.swift */; };
		7C7D1AD7261CA4D500DCFF3B /* RecurtView.swift in Sources */ = {isa = PBXBuildFile; fileRef = 7C7D1AD6261CA4D500DCFF3B /* RecurtView.swift */; };
		7CD29C94261B7454006A4CF7 /* NewMessageViewModel.swift in Sources */ = {isa = PBXBuildFile; fileRef = 7CD29C93261B7454006A4CF7 /* NewMessageViewModel.swift */; };
		7CD29C99261B7786006A4CF7 /* RecentUser.swift in Sources */ = {isa = PBXBuildFile; fileRef = 7CD29C98261B7786006A4CF7 /* RecentUser.swift */; };
		7CD29C9E261B789D006A4CF7 /* NewChatService.swift in Sources */ = {isa = PBXBuildFile; fileRef = 7CD29C9D261B789D006A4CF7 /* NewChatService.swift */; };
		7CD29CC3261BE800006A4CF7 /* FirebaseStorageSwift-Beta in Frameworks */ = {isa = PBXBuildFile; productRef = 7CD29CC2261BE800006A4CF7 /* FirebaseStorageSwift-Beta */; };
		7CD29CC5261BE800006A4CF7 /* FirebaseFirestoreSwift-Beta in Frameworks */ = {isa = PBXBuildFile; productRef = 7CD29CC4261BE800006A4CF7 /* FirebaseFirestoreSwift-Beta */; };
		7CD29CC7261BE800006A4CF7 /* FirebaseStorage in Frameworks */ = {isa = PBXBuildFile; productRef = 7CD29CC6261BE800006A4CF7 /* FirebaseStorage */; };
		7CD29CC9261BE800006A4CF7 /* FirebaseAuth in Frameworks */ = {isa = PBXBuildFile; productRef = 7CD29CC8261BE800006A4CF7 /* FirebaseAuth */; };
		7CD29CCB261BE800006A4CF7 /* FirebaseFirestore in Frameworks */ = {isa = PBXBuildFile; productRef = 7CD29CCA261BE800006A4CF7 /* FirebaseFirestore */; };
		7CD29CCD261BE800006A4CF7 /* FirebaseDatabase in Frameworks */ = {isa = PBXBuildFile; productRef = 7CD29CCC261BE800006A4CF7 /* FirebaseDatabase */; };
		7CFD14CF261CB7BA00B14598 /* NavigationBarModifier.swift in Sources */ = {isa = PBXBuildFile; fileRef = 7CFD14CE261CB7BA00B14598 /* NavigationBarModifier.swift */; };
		7CFD14D7261CBA2100B14598 /* MessageView.swift in Sources */ = {isa = PBXBuildFile; fileRef = 7CFD14D6261CBA2100B14598 /* MessageView.swift */; };
		7CFD14FB261D894100B14598 /* NewUser.swift in Sources */ = {isa = PBXBuildFile; fileRef = 7CFD14FA261D894100B14598 /* NewUser.swift */; };
/* End PBXBuildFile section */

/* Begin PBXContainerItemProxy section */
		7C5501A92618C0F600130B9A /* PBXContainerItemProxy */ = {
			isa = PBXContainerItemProxy;
			containerPortal = 7C55018A2618C0F400130B9A /* Project object */;
			proxyType = 1;
			remoteGlobalIDString = 7C5501912618C0F400130B9A;
			remoteInfo = CandyMessanger;
		};
		7C5501B42618C0F600130B9A /* PBXContainerItemProxy */ = {
			isa = PBXContainerItemProxy;
			containerPortal = 7C55018A2618C0F400130B9A /* Project object */;
			proxyType = 1;
			remoteGlobalIDString = 7C5501912618C0F400130B9A;
			remoteInfo = CandyMessanger;
		};
/* End PBXContainerItemProxy section */

/* Begin PBXFileReference section */
		2F293FAA261EBF620095224C /* ChatViewModel.swift */ = {isa = PBXFileReference; lastKnownFileType = sourcecode.swift; path = ChatViewModel.swift; sourceTree = "<group>"; };
		7C0749E3261A1A8400562C9E /* CornerShape.swift */ = {isa = PBXFileReference; lastKnownFileType = sourcecode.swift; path = CornerShape.swift; sourceTree = "<group>"; };
		7C0749EB261A1C5A00562C9E /* LoginContextView.swift */ = {isa = PBXFileReference; lastKnownFileType = sourcecode.swift; path = LoginContextView.swift; sourceTree = "<group>"; };
		7C0749F3261A1CAD00562C9E /* LogInViewModel.swift */ = {isa = PBXFileReference; lastKnownFileType = sourcecode.swift; path = LogInViewModel.swift; sourceTree = "<group>"; };
		7C0749F8261A1D5E00562C9E /* SignUpViewModel.swift */ = {isa = PBXFileReference; lastKnownFileType = sourcecode.swift; path = SignUpViewModel.swift; sourceTree = "<group>"; };
		7C074A16261AB11600562C9E /* ActivityIndicator.swift */ = {isa = PBXFileReference; lastKnownFileType = sourcecode.swift; path = ActivityIndicator.swift; sourceTree = "<group>"; };
		7C5501922618C0F400130B9A /* CandyMessanger.app */ = {isa = PBXFileReference; explicitFileType = wrapper.application; includeInIndex = 0; path = CandyMessanger.app; sourceTree = BUILT_PRODUCTS_DIR; };
		7C5501952618C0F400130B9A /* CandyMessangerApp.swift */ = {isa = PBXFileReference; lastKnownFileType = sourcecode.swift; path = CandyMessangerApp.swift; sourceTree = "<group>"; };
		7C5501972618C0F400130B9A /* ContentView.swift */ = {isa = PBXFileReference; lastKnownFileType = sourcecode.swift; path = ContentView.swift; sourceTree = "<group>"; };
		7C5501992618C0F600130B9A /* Assets.xcassets */ = {isa = PBXFileReference; lastKnownFileType = folder.assetcatalog; path = Assets.xcassets; sourceTree = "<group>"; };
		7C55019C2618C0F600130B9A /* Preview Assets.xcassets */ = {isa = PBXFileReference; lastKnownFileType = folder.assetcatalog; path = "Preview Assets.xcassets"; sourceTree = "<group>"; };
		7C55019E2618C0F600130B9A /* Persistence.swift */ = {isa = PBXFileReference; lastKnownFileType = sourcecode.swift; path = Persistence.swift; sourceTree = "<group>"; };
		7C5501A12618C0F600130B9A /* CandyMessanger.xcdatamodel */ = {isa = PBXFileReference; lastKnownFileType = wrapper.xcdatamodel; path = CandyMessanger.xcdatamodel; sourceTree = "<group>"; };
		7C5501A32618C0F600130B9A /* Info.plist */ = {isa = PBXFileReference; lastKnownFileType = text.plist.xml; path = Info.plist; sourceTree = "<group>"; };
		7C5501A82618C0F600130B9A /* CandyMessangerTests.xctest */ = {isa = PBXFileReference; explicitFileType = wrapper.cfbundle; includeInIndex = 0; path = CandyMessangerTests.xctest; sourceTree = BUILT_PRODUCTS_DIR; };
		7C5501AC2618C0F600130B9A /* CandyMessangerTests.swift */ = {isa = PBXFileReference; lastKnownFileType = sourcecode.swift; path = CandyMessangerTests.swift; sourceTree = "<group>"; };
		7C5501AE2618C0F600130B9A /* Info.plist */ = {isa = PBXFileReference; lastKnownFileType = text.plist.xml; path = Info.plist; sourceTree = "<group>"; };
		7C5501B32618C0F600130B9A /* CandyMessangerUITests.xctest */ = {isa = PBXFileReference; explicitFileType = wrapper.cfbundle; includeInIndex = 0; path = CandyMessangerUITests.xctest; sourceTree = BUILT_PRODUCTS_DIR; };
		7C5501B72618C0F600130B9A /* CandyMessangerUITests.swift */ = {isa = PBXFileReference; lastKnownFileType = sourcecode.swift; path = CandyMessangerUITests.swift; sourceTree = "<group>"; };
		7C5501B92618C0F600130B9A /* Info.plist */ = {isa = PBXFileReference; lastKnownFileType = text.plist.xml; path = Info.plist; sourceTree = "<group>"; };
		7C5501E42618CF5A00130B9A /* GoogleService-Info.plist */ = {isa = PBXFileReference; fileEncoding = 4; lastKnownFileType = text.plist.xml; path = "GoogleService-Info.plist"; sourceTree = "<group>"; };
		7C5501F42618D90200130B9A /* LoginView.swift */ = {isa = PBXFileReference; lastKnownFileType = sourcecode.swift; path = LoginView.swift; sourceTree = "<group>"; };
		7C5501FE2618DAD800130B9A /* RegisterView.swift */ = {isa = PBXFileReference; lastKnownFileType = sourcecode.swift; path = RegisterView.swift; sourceTree = "<group>"; };
		7C5502032618DAF200130B9A /* MainView.swift */ = {isa = PBXFileReference; lastKnownFileType = sourcecode.swift; path = MainView.swift; sourceTree = "<group>"; };
		7C5502092618ED3B00130B9A /* UserService.swift */ = {isa = PBXFileReference; lastKnownFileType = sourcecode.swift; path = UserService.swift; sourceTree = "<group>"; };
		7C55020F2618EF4600130B9A /* CandyMessengerError.swift */ = {isa = PBXFileReference; lastKnownFileType = sourcecode.swift; path = CandyMessengerError.swift; sourceTree = "<group>"; };
		7C55021A26193C6500130B9A /* MessageList.swift */ = {isa = PBXFileReference; lastKnownFileType = sourcecode.swift; path = MessageList.swift; sourceTree = "<group>"; };
		7C55021F26193CB900130B9A /* NewMessage.swift */ = {isa = PBXFileReference; lastKnownFileType = sourcecode.swift; path = NewMessage.swift; sourceTree = "<group>"; };
		7C55022726193CD800130B9A /* ChatView.swift */ = {isa = PBXFileReference; lastKnownFileType = sourcecode.swift; path = ChatView.swift; sourceTree = "<group>"; };
		7C5502322619402E00130B9A /* SplashView.swift */ = {isa = PBXFileReference; lastKnownFileType = sourcecode.swift; path = SplashView.swift; sourceTree = "<group>"; };
		7C7D1AC2261CA35800DCFF3B /* MainTabView.swift */ = {isa = PBXFileReference; lastKnownFileType = sourcecode.swift; path = MainTabView.swift; sourceTree = "<group>"; };
		7C7D1AC7261CA46200DCFF3B /* PersonInfoView.swift */ = {isa = PBXFileReference; lastKnownFileType = sourcecode.swift; path = PersonInfoView.swift; sourceTree = "<group>"; };
		7C7D1ACC261CA47500DCFF3B /* HomeView.swift */ = {isa = PBXFileReference; lastKnownFileType = sourcecode.swift; path = HomeView.swift; sourceTree = "<group>"; };
		7C7D1AD1261CA48E00DCFF3B /* MyPageView.swift */ = {isa = PBXFileReference; lastKnownFileType = sourcecode.swift; path = MyPageView.swift; sourceTree = "<group>"; };
		7C7D1AD6261CA4D500DCFF3B /* RecurtView.swift */ = {isa = PBXFileReference; lastKnownFileType = sourcecode.swift; path = RecurtView.swift; sourceTree = "<group>"; };
		7CD29C93261B7454006A4CF7 /* NewMessageViewModel.swift */ = {isa = PBXFileReference; lastKnownFileType = sourcecode.swift; path = NewMessageViewModel.swift; sourceTree = "<group>"; };
		7CD29C98261B7786006A4CF7 /* RecentUser.swift */ = {isa = PBXFileReference; lastKnownFileType = sourcecode.swift; path = RecentUser.swift; sourceTree = "<group>"; };
		7CD29C9D261B789D006A4CF7 /* NewChatService.swift */ = {isa = PBXFileReference; lastKnownFileType = sourcecode.swift; path = NewChatService.swift; sourceTree = "<group>"; };
		7CFD14CE261CB7BA00B14598 /* NavigationBarModifier.swift */ = {isa = PBXFileReference; lastKnownFileType = sourcecode.swift; path = NavigationBarModifier.swift; sourceTree = "<group>"; };
		7CFD14D6261CBA2100B14598 /* MessageView.swift */ = {isa = PBXFileReference; lastKnownFileType = sourcecode.swift; path = MessageView.swift; sourceTree = "<group>"; };
		7CFD14FA261D894100B14598 /* NewUser.swift */ = {isa = PBXFileReference; lastKnownFileType = sourcecode.swift; path = NewUser.swift; sourceTree = "<group>"; };
/* End PBXFileReference section */

/* Begin PBXFrameworksBuildPhase section */
		7C55018F2618C0F400130B9A /* Frameworks */ = {
			isa = PBXFrameworksBuildPhase;
			buildActionMask = 2147483647;
			files = (
				7C5501E02618CD6600130B9A /* Alamofire in Frameworks */,
				7CD29CC9261BE800006A4CF7 /* FirebaseAuth in Frameworks */,
				7CD29CC5261BE800006A4CF7 /* FirebaseFirestoreSwift-Beta in Frameworks */,
				7C5501DA2618CCD700130B9A /* Nuke in Frameworks */,
				7CD29CC7261BE800006A4CF7 /* FirebaseStorage in Frameworks */,
				7CD29CC3261BE800006A4CF7 /* FirebaseStorageSwift-Beta in Frameworks */,
				7CD29CCD261BE800006A4CF7 /* FirebaseDatabase in Frameworks */,
				7CD29CCB261BE800006A4CF7 /* FirebaseFirestore in Frameworks */,
			);
			runOnlyForDeploymentPostprocessing = 0;
		};
		7C5501A52618C0F600130B9A /* Frameworks */ = {
			isa = PBXFrameworksBuildPhase;
			buildActionMask = 2147483647;
			files = (
			);
			runOnlyForDeploymentPostprocessing = 0;
		};
		7C5501B02618C0F600130B9A /* Frameworks */ = {
			isa = PBXFrameworksBuildPhase;
			buildActionMask = 2147483647;
			files = (
			);
			runOnlyForDeploymentPostprocessing = 0;
		};
/* End PBXFrameworksBuildPhase section */

/* Begin PBXGroup section */
		7C0749E2261A1A6900562C9E /* CustomUI */ = {
			isa = PBXGroup;
			children = (
				7C0749E3261A1A8400562C9E /* CornerShape.swift */,
				7C074A16261AB11600562C9E /* ActivityIndicator.swift */,
				7CFD14CE261CB7BA00B14598 /* NavigationBarModifier.swift */,
			);
			path = CustomUI;
			sourceTree = "<group>";
		};
		7C5501892618C0F400130B9A = {
			isa = PBXGroup;
			children = (
				7C5501942618C0F400130B9A /* CandyMessanger */,
				7C5501AB2618C0F600130B9A /* CandyMessangerTests */,
				7C5501B62618C0F600130B9A /* CandyMessangerUITests */,
				7C5501932618C0F400130B9A /* Products */,
			);
			sourceTree = "<group>";
		};
		7C5501932618C0F400130B9A /* Products */ = {
			isa = PBXGroup;
			children = (
				7C5501922618C0F400130B9A /* CandyMessanger.app */,
				7C5501A82618C0F600130B9A /* CandyMessangerTests.xctest */,
				7C5501B32618C0F600130B9A /* CandyMessangerUITests.xctest */,
			);
			name = Products;
			sourceTree = "<group>";
		};
		7C5501942618C0F400130B9A /* CandyMessanger */ = {
			isa = PBXGroup;
			children = (
				7C5502082618ED2700130B9A /* Service */,
				7C5501FA2618D91200130B9A /* Model */,
				7C5501F92618D90700130B9A /* ViewModel */,
				7C5501F32618D8E100130B9A /* View */,
				7C5501952618C0F400130B9A /* CandyMessangerApp.swift */,
				7C5501972618C0F400130B9A /* ContentView.swift */,
				7C5501992618C0F600130B9A /* Assets.xcassets */,
				7C55019E2618C0F600130B9A /* Persistence.swift */,
				7C5501A32618C0F600130B9A /* Info.plist */,
				7C5501E42618CF5A00130B9A /* GoogleService-Info.plist */,
				7C5501A02618C0F600130B9A /* CandyMessanger.xcdatamodeld */,
				7C55019B2618C0F600130B9A /* Preview Content */,
			);
			path = CandyMessanger;
			sourceTree = "<group>";
		};
		7C55019B2618C0F600130B9A /* Preview Content */ = {
			isa = PBXGroup;
			children = (
				7C55019C2618C0F600130B9A /* Preview Assets.xcassets */,
			);
			path = "Preview Content";
			sourceTree = "<group>";
		};
		7C5501AB2618C0F600130B9A /* CandyMessangerTests */ = {
			isa = PBXGroup;
			children = (
				7C5501AC2618C0F600130B9A /* CandyMessangerTests.swift */,
				7C5501AE2618C0F600130B9A /* Info.plist */,
			);
			path = CandyMessangerTests;
			sourceTree = "<group>";
		};
		7C5501B62618C0F600130B9A /* CandyMessangerUITests */ = {
			isa = PBXGroup;
			children = (
				7C5501B72618C0F600130B9A /* CandyMessangerUITests.swift */,
				7C5501B92618C0F600130B9A /* Info.plist */,
			);
			path = CandyMessangerUITests;
			sourceTree = "<group>";
		};
		7C5501F32618D8E100130B9A /* View */ = {
			isa = PBXGroup;
			children = (
				7C7D1ADD261CA51300DCFF3B /* Login */,
				7C7D1ADC261CA50100DCFF3B /* Chat */,
				7C7D1ADB261CA4DA00DCFF3B /* Main */,
				7C0749E2261A1A6900562C9E /* CustomUI */,
				7C5502322619402E00130B9A /* SplashView.swift */,
			);
			path = View;
			sourceTree = "<group>";
		};
		7C5501F92618D90700130B9A /* ViewModel */ = {
			isa = PBXGroup;
			children = (
				7C0749F3261A1CAD00562C9E /* LogInViewModel.swift */,
				7C0749F8261A1D5E00562C9E /* SignUpViewModel.swift */,
				7CD29C93261B7454006A4CF7 /* NewMessageViewModel.swift */,
				2F293FAA261EBF620095224C /* ChatViewModel.swift */,
			);
			path = ViewModel;
			sourceTree = "<group>";
		};
		7C5501FA2618D91200130B9A /* Model */ = {
			isa = PBXGroup;
			children = (
				7CD29C98261B7786006A4CF7 /* RecentUser.swift */,
				7CFD14FA261D894100B14598 /* NewUser.swift */,
			);
			path = Model;
			sourceTree = "<group>";
		};
		7C5502082618ED2700130B9A /* Service */ = {
			isa = PBXGroup;
			children = (
				7C55020E2618EF2000130B9A /* Error */,
				7C5502092618ED3B00130B9A /* UserService.swift */,
				7CD29C9D261B789D006A4CF7 /* NewChatService.swift */,
			);
			path = Service;
			sourceTree = "<group>";
		};
		7C55020E2618EF2000130B9A /* Error */ = {
			isa = PBXGroup;
			children = (
				7C55020F2618EF4600130B9A /* CandyMessengerError.swift */,
			);
			path = Error;
			sourceTree = "<group>";
		};
		7C7D1ADB261CA4DA00DCFF3B /* Main */ = {
			isa = PBXGroup;
			children = (
				7C5502032618DAF200130B9A /* MainView.swift */,
				7C7D1AC2261CA35800DCFF3B /* MainTabView.swift */,
				7C7D1AC7261CA46200DCFF3B /* PersonInfoView.swift */,
				7C55021A26193C6500130B9A /* MessageList.swift */,
				7C7D1ACC261CA47500DCFF3B /* HomeView.swift */,
				7C7D1AD1261CA48E00DCFF3B /* MyPageView.swift */,
				7C7D1AD6261CA4D500DCFF3B /* RecurtView.swift */,
				7CFD14D6261CBA2100B14598 /* MessageView.swift */,
			);
			path = Main;
			sourceTree = "<group>";
		};
		7C7D1ADC261CA50100DCFF3B /* Chat */ = {
			isa = PBXGroup;
			children = (
				7C55021F26193CB900130B9A /* NewMessage.swift */,
				7C55022726193CD800130B9A /* ChatView.swift */,
			);
			path = Chat;
			sourceTree = "<group>";
		};
		7C7D1ADD261CA51300DCFF3B /* Login */ = {
			isa = PBXGroup;
			children = (
				7C5501F42618D90200130B9A /* LoginView.swift */,
				7C0749EB261A1C5A00562C9E /* LoginContextView.swift */,
				7C5501FE2618DAD800130B9A /* RegisterView.swift */,
			);
			path = Login;
			sourceTree = "<group>";
		};
/* End PBXGroup section */

/* Begin PBXNativeTarget section */
		7C5501912618C0F400130B9A /* CandyMessanger */ = {
			isa = PBXNativeTarget;
			buildConfigurationList = 7C5501BC2618C0F600130B9A /* Build configuration list for PBXNativeTarget "CandyMessanger" */;
			buildPhases = (
				7C55018E2618C0F400130B9A /* Sources */,
				7C55018F2618C0F400130B9A /* Frameworks */,
				7C5501902618C0F400130B9A /* Resources */,
			);
			buildRules = (
			);
			dependencies = (
			);
			name = CandyMessanger;
			packageProductDependencies = (
				7C5501D92618CCD700130B9A /* Nuke */,
				7C5501DF2618CD6600130B9A /* Alamofire */,
				7CD29CC2261BE800006A4CF7 /* FirebaseStorageSwift-Beta */,
				7CD29CC4261BE800006A4CF7 /* FirebaseFirestoreSwift-Beta */,
				7CD29CC6261BE800006A4CF7 /* FirebaseStorage */,
				7CD29CC8261BE800006A4CF7 /* FirebaseAuth */,
				7CD29CCA261BE800006A4CF7 /* FirebaseFirestore */,
				7CD29CCC261BE800006A4CF7 /* FirebaseDatabase */,
			);
			productName = CandyMessanger;
			productReference = 7C5501922618C0F400130B9A /* CandyMessanger.app */;
			productType = "com.apple.product-type.application";
		};
		7C5501A72618C0F600130B9A /* CandyMessangerTests */ = {
			isa = PBXNativeTarget;
			buildConfigurationList = 7C5501BF2618C0F600130B9A /* Build configuration list for PBXNativeTarget "CandyMessangerTests" */;
			buildPhases = (
				7C5501A42618C0F600130B9A /* Sources */,
				7C5501A52618C0F600130B9A /* Frameworks */,
				7C5501A62618C0F600130B9A /* Resources */,
			);
			buildRules = (
			);
			dependencies = (
				7C5501AA2618C0F600130B9A /* PBXTargetDependency */,
			);
			name = CandyMessangerTests;
			productName = CandyMessangerTests;
			productReference = 7C5501A82618C0F600130B9A /* CandyMessangerTests.xctest */;
			productType = "com.apple.product-type.bundle.unit-test";
		};
		7C5501B22618C0F600130B9A /* CandyMessangerUITests */ = {
			isa = PBXNativeTarget;
			buildConfigurationList = 7C5501C22618C0F600130B9A /* Build configuration list for PBXNativeTarget "CandyMessangerUITests" */;
			buildPhases = (
				7C5501AF2618C0F600130B9A /* Sources */,
				7C5501B02618C0F600130B9A /* Frameworks */,
				7C5501B12618C0F600130B9A /* Resources */,
			);
			buildRules = (
			);
			dependencies = (
				7C5501B52618C0F600130B9A /* PBXTargetDependency */,
			);
			name = CandyMessangerUITests;
			productName = CandyMessangerUITests;
			productReference = 7C5501B32618C0F600130B9A /* CandyMessangerUITests.xctest */;
			productType = "com.apple.product-type.bundle.ui-testing";
		};
/* End PBXNativeTarget section */

/* Begin PBXProject section */
		7C55018A2618C0F400130B9A /* Project object */ = {
			isa = PBXProject;
			attributes = {
				LastSwiftUpdateCheck = 1240;
				LastUpgradeCheck = 1240;
				TargetAttributes = {
					7C5501912618C0F400130B9A = {
						CreatedOnToolsVersion = 12.4;
					};
					7C5501A72618C0F600130B9A = {
						CreatedOnToolsVersion = 12.4;
						TestTargetID = 7C5501912618C0F400130B9A;
					};
					7C5501B22618C0F600130B9A = {
						CreatedOnToolsVersion = 12.4;
						TestTargetID = 7C5501912618C0F400130B9A;
					};
				};
			};
			buildConfigurationList = 7C55018D2618C0F400130B9A /* Build configuration list for PBXProject "CandyMessanger" */;
			compatibilityVersion = "Xcode 9.3";
			developmentRegion = en;
			hasScannedForEncodings = 0;
			knownRegions = (
				en,
				Base,
			);
			mainGroup = 7C5501892618C0F400130B9A;
			packageReferences = (
				7C5501D82618CCD700130B9A /* XCRemoteSwiftPackageReference "Nuke" */,
				7C5501DE2618CD6600130B9A /* XCRemoteSwiftPackageReference "Alamofire" */,
				7CD29CC1261BE800006A4CF7 /* XCRemoteSwiftPackageReference "firebase-ios-sdk" */,
			);
			productRefGroup = 7C5501932618C0F400130B9A /* Products */;
			projectDirPath = "";
			projectRoot = "";
			targets = (
				7C5501912618C0F400130B9A /* CandyMessanger */,
				7C5501A72618C0F600130B9A /* CandyMessangerTests */,
				7C5501B22618C0F600130B9A /* CandyMessangerUITests */,
			);
		};
/* End PBXProject section */

/* Begin PBXResourcesBuildPhase section */
		7C5501902618C0F400130B9A /* Resources */ = {
			isa = PBXResourcesBuildPhase;
			buildActionMask = 2147483647;
			files = (
				7C55019D2618C0F600130B9A /* Preview Assets.xcassets in Resources */,
				7C55019A2618C0F600130B9A /* Assets.xcassets in Resources */,
				7C5501E52618CF5A00130B9A /* GoogleService-Info.plist in Resources */,
			);
			runOnlyForDeploymentPostprocessing = 0;
		};
		7C5501A62618C0F600130B9A /* Resources */ = {
			isa = PBXResourcesBuildPhase;
			buildActionMask = 2147483647;
			files = (
			);
			runOnlyForDeploymentPostprocessing = 0;
		};
		7C5501B12618C0F600130B9A /* Resources */ = {
			isa = PBXResourcesBuildPhase;
			buildActionMask = 2147483647;
			files = (
			);
			runOnlyForDeploymentPostprocessing = 0;
		};
/* End PBXResourcesBuildPhase section */

/* Begin PBXSourcesBuildPhase section */
		7C55018E2618C0F400130B9A /* Sources */ = {
			isa = PBXSourcesBuildPhase;
			buildActionMask = 2147483647;
			files = (
				7CD29C9E261B789D006A4CF7 /* NewChatService.swift in Sources */,
				7C5502042618DAF200130B9A /* MainView.swift in Sources */,
				7CD29C94261B7454006A4CF7 /* NewMessageViewModel.swift in Sources */,
				7C0749F9261A1D5E00562C9E /* SignUpViewModel.swift in Sources */,
				7C5501FF2618DAD800130B9A /* RegisterView.swift in Sources */,
				7C7D1AC3261CA35800DCFF3B /* MainTabView.swift in Sources */,
				7C55019F2618C0F600130B9A /* Persistence.swift in Sources */,
				7CFD14CF261CB7BA00B14598 /* NavigationBarModifier.swift in Sources */,
				7C5501F52618D90200130B9A /* LoginView.swift in Sources */,
				7C0749F4261A1CAD00562C9E /* LogInViewModel.swift in Sources */,
				7C7D1AC8261CA46200DCFF3B /* PersonInfoView.swift in Sources */,
				7C55022826193CD800130B9A /* ChatView.swift in Sources */,
				7CFD14D7261CBA2100B14598 /* MessageView.swift in Sources */,
				7C0749EC261A1C5A00562C9E /* LoginContextView.swift in Sources */,
				7C55022026193CB900130B9A /* NewMessage.swift in Sources */,
				7C0749E4261A1A8400562C9E /* CornerShape.swift in Sources */,
				7CD29C99261B7786006A4CF7 /* RecentUser.swift in Sources */,
				7C55020A2618ED3B00130B9A /* UserService.swift in Sources */,
				7C5501982618C0F400130B9A /* ContentView.swift in Sources */,
				7C7D1AD2261CA48E00DCFF3B /* MyPageView.swift in Sources */,
				7C5502332619402E00130B9A /* SplashView.swift in Sources */,
				7C5501962618C0F400130B9A /* CandyMessangerApp.swift in Sources */,
				7CFD14FB261D894100B14598 /* NewUser.swift in Sources */,
				7C5501A22618C0F600130B9A /* CandyMessanger.xcdatamodeld in Sources */,
				7C55021B26193C6500130B9A /* MessageList.swift in Sources */,
				7C7D1ACD261CA47500DCFF3B /* HomeView.swift in Sources */,
				7C074A17261AB11600562C9E /* ActivityIndicator.swift in Sources */,
				7C5502102618EF4600130B9A /* CandyMessengerError.swift in Sources */,
				2F293FAB261EBF620095224C /* ChatViewModel.swift in Sources */,
				7C7D1AD7261CA4D500DCFF3B /* RecurtView.swift in Sources */,
			);
			runOnlyForDeploymentPostprocessing = 0;
		};
		7C5501A42618C0F600130B9A /* Sources */ = {
			isa = PBXSourcesBuildPhase;
			buildActionMask = 2147483647;
			files = (
				7C5501AD2618C0F600130B9A /* CandyMessangerTests.swift in Sources */,
			);
			runOnlyForDeploymentPostprocessing = 0;
		};
		7C5501AF2618C0F600130B9A /* Sources */ = {
			isa = PBXSourcesBuildPhase;
			buildActionMask = 2147483647;
			files = (
				7C5501B82618C0F600130B9A /* CandyMessangerUITests.swift in Sources */,
			);
			runOnlyForDeploymentPostprocessing = 0;
		};
/* End PBXSourcesBuildPhase section */

/* Begin PBXTargetDependency section */
		7C5501AA2618C0F600130B9A /* PBXTargetDependency */ = {
			isa = PBXTargetDependency;
			target = 7C5501912618C0F400130B9A /* CandyMessanger */;
			targetProxy = 7C5501A92618C0F600130B9A /* PBXContainerItemProxy */;
		};
		7C5501B52618C0F600130B9A /* PBXTargetDependency */ = {
			isa = PBXTargetDependency;
			target = 7C5501912618C0F400130B9A /* CandyMessanger */;
			targetProxy = 7C5501B42618C0F600130B9A /* PBXContainerItemProxy */;
		};
/* End PBXTargetDependency section */

/* Begin XCBuildConfiguration section */
		7C5501BA2618C0F600130B9A /* Debug */ = {
			isa = XCBuildConfiguration;
			buildSettings = {
				ALWAYS_SEARCH_USER_PATHS = NO;
				CLANG_ANALYZER_NONNULL = YES;
				CLANG_ANALYZER_NUMBER_OBJECT_CONVERSION = YES_AGGRESSIVE;
				CLANG_CXX_LANGUAGE_STANDARD = "gnu++14";
				CLANG_CXX_LIBRARY = "libc++";
				CLANG_ENABLE_MODULES = YES;
				CLANG_ENABLE_OBJC_ARC = YES;
				CLANG_ENABLE_OBJC_WEAK = YES;
				CLANG_WARN_BLOCK_CAPTURE_AUTORELEASING = YES;
				CLANG_WARN_BOOL_CONVERSION = YES;
				CLANG_WARN_COMMA = YES;
				CLANG_WARN_CONSTANT_CONVERSION = YES;
				CLANG_WARN_DEPRECATED_OBJC_IMPLEMENTATIONS = YES;
				CLANG_WARN_DIRECT_OBJC_ISA_USAGE = YES_ERROR;
				CLANG_WARN_DOCUMENTATION_COMMENTS = YES;
				CLANG_WARN_EMPTY_BODY = YES;
				CLANG_WARN_ENUM_CONVERSION = YES;
				CLANG_WARN_INFINITE_RECURSION = YES;
				CLANG_WARN_INT_CONVERSION = YES;
				CLANG_WARN_NON_LITERAL_NULL_CONVERSION = YES;
				CLANG_WARN_OBJC_IMPLICIT_RETAIN_SELF = YES;
				CLANG_WARN_OBJC_LITERAL_CONVERSION = YES;
				CLANG_WARN_OBJC_ROOT_CLASS = YES_ERROR;
				CLANG_WARN_QUOTED_INCLUDE_IN_FRAMEWORK_HEADER = YES;
				CLANG_WARN_RANGE_LOOP_ANALYSIS = YES;
				CLANG_WARN_STRICT_PROTOTYPES = YES;
				CLANG_WARN_SUSPICIOUS_MOVE = YES;
				CLANG_WARN_UNGUARDED_AVAILABILITY = YES_AGGRESSIVE;
				CLANG_WARN_UNREACHABLE_CODE = YES;
				CLANG_WARN__DUPLICATE_METHOD_MATCH = YES;
				COPY_PHASE_STRIP = NO;
				DEAD_CODE_STRIPPING = NO;
				DEBUG_INFORMATION_FORMAT = dwarf;
				ENABLE_STRICT_OBJC_MSGSEND = YES;
				ENABLE_TESTABILITY = YES;
				GCC_C_LANGUAGE_STANDARD = gnu11;
				GCC_DYNAMIC_NO_PIC = NO;
				GCC_NO_COMMON_BLOCKS = YES;
				GCC_OPTIMIZATION_LEVEL = 0;
				GCC_PREPROCESSOR_DEFINITIONS = (
					"DEBUG=1",
					"$(inherited)",
				);
				GCC_WARN_64_TO_32_BIT_CONVERSION = YES;
				GCC_WARN_ABOUT_RETURN_TYPE = YES_ERROR;
				GCC_WARN_UNDECLARED_SELECTOR = YES;
				GCC_WARN_UNINITIALIZED_AUTOS = YES_AGGRESSIVE;
				GCC_WARN_UNUSED_FUNCTION = YES;
				GCC_WARN_UNUSED_VARIABLE = YES;
				IPHONEOS_DEPLOYMENT_TARGET = 14.4;
				MTL_ENABLE_DEBUG_INFO = INCLUDE_SOURCE;
				MTL_FAST_MATH = YES;
				ONLY_ACTIVE_ARCH = YES;
				SDKROOT = iphoneos;
				SWIFT_ACTIVE_COMPILATION_CONDITIONS = DEBUG;
				SWIFT_OPTIMIZATION_LEVEL = "-Onone";
			};
			name = Debug;
		};
		7C5501BB2618C0F600130B9A /* Release */ = {
			isa = XCBuildConfiguration;
			buildSettings = {
				ALWAYS_SEARCH_USER_PATHS = NO;
				CLANG_ANALYZER_NONNULL = YES;
				CLANG_ANALYZER_NUMBER_OBJECT_CONVERSION = YES_AGGRESSIVE;
				CLANG_CXX_LANGUAGE_STANDARD = "gnu++14";
				CLANG_CXX_LIBRARY = "libc++";
				CLANG_ENABLE_MODULES = YES;
				CLANG_ENABLE_OBJC_ARC = YES;
				CLANG_ENABLE_OBJC_WEAK = YES;
				CLANG_WARN_BLOCK_CAPTURE_AUTORELEASING = YES;
				CLANG_WARN_BOOL_CONVERSION = YES;
				CLANG_WARN_COMMA = YES;
				CLANG_WARN_CONSTANT_CONVERSION = YES;
				CLANG_WARN_DEPRECATED_OBJC_IMPLEMENTATIONS = YES;
				CLANG_WARN_DIRECT_OBJC_ISA_USAGE = YES_ERROR;
				CLANG_WARN_DOCUMENTATION_COMMENTS = YES;
				CLANG_WARN_EMPTY_BODY = YES;
				CLANG_WARN_ENUM_CONVERSION = YES;
				CLANG_WARN_INFINITE_RECURSION = YES;
				CLANG_WARN_INT_CONVERSION = YES;
				CLANG_WARN_NON_LITERAL_NULL_CONVERSION = YES;
				CLANG_WARN_OBJC_IMPLICIT_RETAIN_SELF = YES;
				CLANG_WARN_OBJC_LITERAL_CONVERSION = YES;
				CLANG_WARN_OBJC_ROOT_CLASS = YES_ERROR;
				CLANG_WARN_QUOTED_INCLUDE_IN_FRAMEWORK_HEADER = YES;
				CLANG_WARN_RANGE_LOOP_ANALYSIS = YES;
				CLANG_WARN_STRICT_PROTOTYPES = YES;
				CLANG_WARN_SUSPICIOUS_MOVE = YES;
				CLANG_WARN_UNGUARDED_AVAILABILITY = YES_AGGRESSIVE;
				CLANG_WARN_UNREACHABLE_CODE = YES;
				CLANG_WARN__DUPLICATE_METHOD_MATCH = YES;
				COPY_PHASE_STRIP = NO;
				DEAD_CODE_STRIPPING = NO;
				DEBUG_INFORMATION_FORMAT = "dwarf-with-dsym";
				ENABLE_NS_ASSERTIONS = NO;
				ENABLE_STRICT_OBJC_MSGSEND = YES;
				GCC_C_LANGUAGE_STANDARD = gnu11;
				GCC_NO_COMMON_BLOCKS = YES;
				GCC_WARN_64_TO_32_BIT_CONVERSION = YES;
				GCC_WARN_ABOUT_RETURN_TYPE = YES_ERROR;
				GCC_WARN_UNDECLARED_SELECTOR = YES;
				GCC_WARN_UNINITIALIZED_AUTOS = YES_AGGRESSIVE;
				GCC_WARN_UNUSED_FUNCTION = YES;
				GCC_WARN_UNUSED_VARIABLE = YES;
				IPHONEOS_DEPLOYMENT_TARGET = 14.4;
				MTL_ENABLE_DEBUG_INFO = NO;
				MTL_FAST_MATH = YES;
				SDKROOT = iphoneos;
				SWIFT_COMPILATION_MODE = wholemodule;
				SWIFT_OPTIMIZATION_LEVEL = "-O";
				VALIDATE_PRODUCT = YES;
			};
			name = Release;
		};
		7C5501BD2618C0F600130B9A /* Debug */ = {
			isa = XCBuildConfiguration;
			buildSettings = {
				ASSETCATALOG_COMPILER_APPICON_NAME = AppIcon;
				ASSETCATALOG_COMPILER_GLOBAL_ACCENT_COLOR_NAME = AccentColor;
				CODE_SIGN_STYLE = Automatic;
				DEAD_CODE_STRIPPING = YES;
				DEVELOPMENT_ASSET_PATHS = "\"CandyMessanger/Preview Content\"";
				ENABLE_PREVIEWS = YES;
				INFOPLIST_FILE = CandyMessanger/Info.plist;
				IPHONEOS_DEPLOYMENT_TARGET = 14.0;
				LD_RUNPATH_SEARCH_PATHS = (
					"$(inherited)",
					"@executable_path/Frameworks",
				);
				OTHER_LDFLAGS = "-ObjC";
				PRODUCT_BUNDLE_IDENTIFIER = com.happyjem.candymessanger;
				PRODUCT_NAME = "$(TARGET_NAME)";
				SWIFT_VERSION = 5.0;
				TARGETED_DEVICE_FAMILY = "1,2";
			};
			name = Debug;
		};
		7C5501BE2618C0F600130B9A /* Release */ = {
			isa = XCBuildConfiguration;
			buildSettings = {
				ASSETCATALOG_COMPILER_APPICON_NAME = AppIcon;
				ASSETCATALOG_COMPILER_GLOBAL_ACCENT_COLOR_NAME = AccentColor;
				CODE_SIGN_STYLE = Automatic;
				DEAD_CODE_STRIPPING = YES;
				DEVELOPMENT_ASSET_PATHS = "\"CandyMessanger/Preview Content\"";
				ENABLE_PREVIEWS = YES;
				INFOPLIST_FILE = CandyMessanger/Info.plist;
				IPHONEOS_DEPLOYMENT_TARGET = 14.0;
				LD_RUNPATH_SEARCH_PATHS = (
					"$(inherited)",
					"@executable_path/Frameworks",
				);
				OTHER_LDFLAGS = "-ObjC";
				PRODUCT_BUNDLE_IDENTIFIER = com.happyjem.candymessanger;
				PRODUCT_NAME = "$(TARGET_NAME)";
				SWIFT_VERSION = 5.0;
				TARGETED_DEVICE_FAMILY = "1,2";
			};
			name = Release;
		};
		7C5501C02618C0F600130B9A /* Debug */ = {
			isa = XCBuildConfiguration;
			buildSettings = {
				ALWAYS_EMBED_SWIFT_STANDARD_LIBRARIES = YES;
				BUNDLE_LOADER = "$(TEST_HOST)";
				CODE_SIGN_STYLE = Automatic;
				INFOPLIST_FILE = CandyMessangerTests/Info.plist;
				IPHONEOS_DEPLOYMENT_TARGET = 14.0;
				LD_RUNPATH_SEARCH_PATHS = (
					"$(inherited)",
					"@executable_path/Frameworks",
					"@loader_path/Frameworks",
				);
				PRODUCT_BUNDLE_IDENTIFIER = com.happyjem.candymessanger.CandyMessangerTests;
				PRODUCT_NAME = "$(TARGET_NAME)";
				SWIFT_VERSION = 5.0;
				TARGETED_DEVICE_FAMILY = "1,2";
				TEST_HOST = "$(BUILT_PRODUCTS_DIR)/CandyMessanger.app/CandyMessanger";
			};
			name = Debug;
		};
		7C5501C12618C0F600130B9A /* Release */ = {
			isa = XCBuildConfiguration;
			buildSettings = {
				ALWAYS_EMBED_SWIFT_STANDARD_LIBRARIES = YES;
				BUNDLE_LOADER = "$(TEST_HOST)";
				CODE_SIGN_STYLE = Automatic;
				INFOPLIST_FILE = CandyMessangerTests/Info.plist;
				IPHONEOS_DEPLOYMENT_TARGET = 14.0;
				LD_RUNPATH_SEARCH_PATHS = (
					"$(inherited)",
					"@executable_path/Frameworks",
					"@loader_path/Frameworks",
				);
				PRODUCT_BUNDLE_IDENTIFIER = com.happyjem.candymessanger.CandyMessangerTests;
				PRODUCT_NAME = "$(TARGET_NAME)";
				SWIFT_VERSION = 5.0;
				TARGETED_DEVICE_FAMILY = "1,2";
				TEST_HOST = "$(BUILT_PRODUCTS_DIR)/CandyMessanger.app/CandyMessanger";
			};
			name = Release;
		};
		7C5501C32618C0F600130B9A /* Debug */ = {
			isa = XCBuildConfiguration;
			buildSettings = {
				ALWAYS_EMBED_SWIFT_STANDARD_LIBRARIES = YES;
				CODE_SIGN_STYLE = Automatic;
				INFOPLIST_FILE = CandyMessangerUITests/Info.plist;
				LD_RUNPATH_SEARCH_PATHS = (
					"$(inherited)",
					"@executable_path/Frameworks",
					"@loader_path/Frameworks",
				);
				PRODUCT_BUNDLE_IDENTIFIER = com.happyjem.candymessanger.CandyMessangerUITests;
				PRODUCT_NAME = "$(TARGET_NAME)";
				SWIFT_VERSION = 5.0;
				TARGETED_DEVICE_FAMILY = "1,2";
				TEST_TARGET_NAME = CandyMessanger;
			};
			name = Debug;
		};
		7C5501C42618C0F600130B9A /* Release */ = {
			isa = XCBuildConfiguration;
			buildSettings = {
				ALWAYS_EMBED_SWIFT_STANDARD_LIBRARIES = YES;
				CODE_SIGN_STYLE = Automatic;
				INFOPLIST_FILE = CandyMessangerUITests/Info.plist;
				LD_RUNPATH_SEARCH_PATHS = (
					"$(inherited)",
					"@executable_path/Frameworks",
					"@loader_path/Frameworks",
				);
				PRODUCT_BUNDLE_IDENTIFIER = com.happyjem.candymessanger.CandyMessangerUITests;
				PRODUCT_NAME = "$(TARGET_NAME)";
				SWIFT_VERSION = 5.0;
				TARGETED_DEVICE_FAMILY = "1,2";
				TEST_TARGET_NAME = CandyMessanger;
			};
			name = Release;
		};
/* End XCBuildConfiguration section */

/* Begin XCConfigurationList section */
		7C55018D2618C0F400130B9A /* Build configuration list for PBXProject "CandyMessanger" */ = {
			isa = XCConfigurationList;
			buildConfigurations = (
				7C5501BA2618C0F600130B9A /* Debug */,
				7C5501BB2618C0F600130B9A /* Release */,
			);
			defaultConfigurationIsVisible = 0;
			defaultConfigurationName = Release;
		};
		7C5501BC2618C0F600130B9A /* Build configuration list for PBXNativeTarget "CandyMessanger" */ = {
			isa = XCConfigurationList;
			buildConfigurations = (
				7C5501BD2618C0F600130B9A /* Debug */,
				7C5501BE2618C0F600130B9A /* Release */,
			);
			defaultConfigurationIsVisible = 0;
			defaultConfigurationName = Release;
		};
		7C5501BF2618C0F600130B9A /* Build configuration list for PBXNativeTarget "CandyMessangerTests" */ = {
			isa = XCConfigurationList;
			buildConfigurations = (
				7C5501C02618C0F600130B9A /* Debug */,
				7C5501C12618C0F600130B9A /* Release */,
			);
			defaultConfigurationIsVisible = 0;
			defaultConfigurationName = Release;
		};
		7C5501C22618C0F600130B9A /* Build configuration list for PBXNativeTarget "CandyMessangerUITests" */ = {
			isa = XCConfigurationList;
			buildConfigurations = (
				7C5501C32618C0F600130B9A /* Debug */,
				7C5501C42618C0F600130B9A /* Release */,
			);
			defaultConfigurationIsVisible = 0;
			defaultConfigurationName = Release;
		};
/* End XCConfigurationList section */

/* Begin XCRemoteSwiftPackageReference section */
		7C5501D82618CCD700130B9A /* XCRemoteSwiftPackageReference "Nuke" */ = {
			isa = XCRemoteSwiftPackageReference;
			repositoryURL = "https://github.com/kean/Nuke.git";
			requirement = {
				kind = upToNextMajorVersion;
				minimumVersion = 9.4.1;
			};
		};
		7C5501DE2618CD6600130B9A /* XCRemoteSwiftPackageReference "Alamofire" */ = {
			isa = XCRemoteSwiftPackageReference;
			repositoryURL = "https://github.com/Alamofire/Alamofire.git";
			requirement = {
				kind = upToNextMajorVersion;
				minimumVersion = 5.4.1;
			};
		};
		7CD29CC1261BE800006A4CF7 /* XCRemoteSwiftPackageReference "firebase-ios-sdk" */ = {
			isa = XCRemoteSwiftPackageReference;
			repositoryURL = "https://github.com/firebase/firebase-ios-sdk.git";
			requirement = {
				kind = upToNextMajorVersion;
				minimumVersion = 7.9.1;
			};
		};
/* End XCRemoteSwiftPackageReference section */

/* Begin XCSwiftPackageProductDependency section */
		7C5501D92618CCD700130B9A /* Nuke */ = {
			isa = XCSwiftPackageProductDependency;
			package = 7C5501D82618CCD700130B9A /* XCRemoteSwiftPackageReference "Nuke" */;
			productName = Nuke;
		};
		7C5501DF2618CD6600130B9A /* Alamofire */ = {
			isa = XCSwiftPackageProductDependency;
			package = 7C5501DE2618CD6600130B9A /* XCRemoteSwiftPackageReference "Alamofire" */;
			productName = Alamofire;
		};
		7CD29CC2261BE800006A4CF7 /* FirebaseStorageSwift-Beta */ = {
			isa = XCSwiftPackageProductDependency;
			package = 7CD29CC1261BE800006A4CF7 /* XCRemoteSwiftPackageReference "firebase-ios-sdk" */;
			productName = "FirebaseStorageSwift-Beta";
		};
		7CD29CC4261BE800006A4CF7 /* FirebaseFirestoreSwift-Beta */ = {
			isa = XCSwiftPackageProductDependency;
			package = 7CD29CC1261BE800006A4CF7 /* XCRemoteSwiftPackageReference "firebase-ios-sdk" */;
			productName = "FirebaseFirestoreSwift-Beta";
		};
		7CD29CC6261BE800006A4CF7 /* FirebaseStorage */ = {
			isa = XCSwiftPackageProductDependency;
			package = 7CD29CC1261BE800006A4CF7 /* XCRemoteSwiftPackageReference "firebase-ios-sdk" */;
			productName = FirebaseStorage;
		};
		7CD29CC8261BE800006A4CF7 /* FirebaseAuth */ = {
			isa = XCSwiftPackageProductDependency;
			package = 7CD29CC1261BE800006A4CF7 /* XCRemoteSwiftPackageReference "firebase-ios-sdk" */;
			productName = FirebaseAuth;
		};
		7CD29CCA261BE800006A4CF7 /* FirebaseFirestore */ = {
			isa = XCSwiftPackageProductDependency;
			package = 7CD29CC1261BE800006A4CF7 /* XCRemoteSwiftPackageReference "firebase-ios-sdk" */;
			productName = FirebaseFirestore;
		};
		7CD29CCC261BE800006A4CF7 /* FirebaseDatabase */ = {
			isa = XCSwiftPackageProductDependency;
			package = 7CD29CC1261BE800006A4CF7 /* XCRemoteSwiftPackageReference "firebase-ios-sdk" */;
			productName = FirebaseDatabase;
		};
/* End XCSwiftPackageProductDependency section */

/* Begin XCVersionGroup section */
		7C5501A02618C0F600130B9A /* CandyMessanger.xcdatamodeld */ = {
			isa = XCVersionGroup;
			children = (
				7C5501A12618C0F600130B9A /* CandyMessanger.xcdatamodel */,
			);
			currentVersion = 7C5501A12618C0F600130B9A /* CandyMessanger.xcdatamodel */;
			path = CandyMessanger.xcdatamodeld;
			sourceTree = "<group>";
			versionGroupType = wrapper.xcdatamodel;
		};
/* End XCVersionGroup section */
	};
	rootObject = 7C55018A2618C0F400130B9A /* Project object */;
}
